
Microsoft Visual Studio Solution File, Format Version 12.00
# Visual Studio Version 17
VisualStudioVersion = 17.2.32602.215
MinimumVisualStudioVersion = 10.0.40219.1
Project("{FAE04EC0-301F-11D3-BF4B-00C04F79EFBC}") = "AppRpgEtec.Android", "AppRpgEtec\AppRpgEtec.Android\AppRpgEtec.Android.csproj", "{BA9FA3F7-51AA-4164-AFAA-02F0E7717C3A}"
EndProject
Project("{FAE04EC0-301F-11D3-BF4B-00C04F79EFBC}") = "AppRpgEtec.iOS", "AppRpgEtec\AppRpgEtec.iOS\AppRpgEtec.iOS.csproj", "{FF13F7E9-2B91-4682-A0A0-82D751B84EA3}"
EndProject
Project("{FAE04EC0-301F-11D3-BF4B-00C04F79EFBC}") = "AppRpgEtec", "AppRpgEtec\AppRpgEtec\AppRpgEtec.csproj", "{0E4791A3-08FB-4DDD-9B31-CD325A351BF0}"
EndProject
Global
	GlobalSection(SolutionConfigurationPlatforms) = preSolution
		Debug|Any CPU = Debug|Any CPU
		Debug|iPhone = Debug|iPhone
		Debug|iPhoneSimulator = Debug|iPhoneSimulator
		Release|Any CPU = Release|Any CPU
		Release|iPhone = Release|iPhone
		Release|iPhoneSimulator = Release|iPhoneSimulator
	EndGlobalSection
	GlobalSection(ProjectConfigurationPlatforms) = postSolution
		{BA9FA3F7-51AA-4164-AFAA-02F0E7717C3A}.Debug|Any CPU.ActiveCfg = Debug|Any CPU
		{BA9FA3F7-51AA-4164-AFAA-02F0E7717C3A}.Debug|Any CPU.Build.0 = Debug|Any CPU
		{BA9FA3F7-51AA-4164-AFAA-02F0E7717C3A}.Debug|Any CPU.Deploy.0 = Debug|Any CPU
		{BA9FA3F7-51AA-4164-AFAA-02F0E7717C3A}.Debug|iPhone.ActiveCfg = Debug|Any CPU
		{BA9FA3F7-51AA-4164-AFAA-02F0E7717C3A}.Debug|iPhone.Build.0 = Debug|Any CPU
		{BA9FA3F7-51AA-4164-AFAA-02F0E7717C3A}.Debug|iPhone.Deploy.0 = Debug|Any CPU
		{BA9FA3F7-51AA-4164-AFAA-02F0E7717C3A}.Debug|iPhoneSimulator.ActiveCfg = Debug|Any CPU
		{BA9FA3F7-51AA-4164-AFAA-02F0E7717C3A}.Debug|iPhoneSimulator.Build.0 = Debug|Any CPU
		{BA9FA3F7-51AA-4164-AFAA-02F0E7717C3A}.Debug|iPhoneSimulator.Deploy.0 = Debug|Any CPU
		{BA9FA3F7-51AA-4164-AFAA-02F0E7717C3A}.Release|Any CPU.ActiveCfg = Release|Any CPU
		{BA9FA3F7-51AA-4164-AFAA-02F0E7717C3A}.Release|Any CPU.Build.0 = Release|Any CPU
		{BA9FA3F7-51AA-4164-AFAA-02F0E7717C3A}.Release|Any CPU.Deploy.0 = Release|Any CPU
		{BA9FA3F7-51AA-4164-AFAA-02F0E7717C3A}.Release|iPhone.ActiveCfg = Release|Any CPU
		{BA9FA3F7-51AA-4164-AFAA-02F0E7717C3A}.Release|iPhone.Build.0 = Release|Any CPU
		{BA9FA3F7-51AA-4164-AFAA-02F0E7717C3A}.Release|iPhone.Deploy.0 = Release|Any CPU
		{BA9FA3F7-51AA-4164-AFAA-02F0E7717C3A}.Release|iPhoneSimulator.ActiveCfg = Release|Any CPU
		{BA9FA3F7-51AA-4164-AFAA-02F0E7717C3A}.Release|iPhoneSimulator.Build.0 = Release|Any CPU
		{BA9FA3F7-51AA-4164-AFAA-02F0E7717C3A}.Release|iPhoneSimulator.Deploy.0 = Release|Any CPU
		{FF13F7E9-2B91-4682-A0A0-82D751B84EA3}.Debug|Any CPU.ActiveCfg = Debug|iPhone
		{FF13F7E9-2B91-4682-A0A0-82D751B84EA3}.Debug|Any CPU.Build.0 = Debug|iPhone
		{FF13F7E9-2B91-4682-A0A0-82D751B84EA3}.Debug|Any CPU.Deploy.0 = Debug|iPhone
		{FF13F7E9-2B91-4682-A0A0-82D751B84EA3}.Debug|iPhone.ActiveCfg = Debug|iPhone
		{FF13F7E9-2B91-4682-A0A0-82D751B84EA3}.Debug|iPhone.Build.0 = Debug|iPhone
		{FF13F7E9-2B91-4682-A0A0-82D751B84EA3}.Debug|iPhone.Deploy.0 = Debug|iPhone
		{FF13F7E9-2B91-4682-A0A0-82D751B84EA3}.Debug|iPhoneSimulator.ActiveCfg = Debug|iPhoneSimulator
		{FF13F7E9-2B91-4682-A0A0-82D751B84EA3}.Debug|iPhoneSimulator.Build.0 = Debug|iPhoneSimulator
		{FF13F7E9-2B91-4682-A0A0-82D751B84EA3}.Debug|iPhoneSimulator.Deploy.0 = Debug|iPhoneSimulator
		{FF13F7E9-2B91-4682-A0A0-82D751B84EA3}.Release|Any CPU.ActiveCfg = Release|iPhoneSimulator
		{FF13F7E9-2B91-4682-A0A0-82D751B84EA3}.Release|Any CPU.Build.0 = Release|iPhoneSimulator
		{FF13F7E9-2B91-4682-A0A0-82D751B84EA3}.Release|Any CPU.Deploy.0 = Release|iPhoneSimulator
		{FF13F7E9-2B91-4682-A0A0-82D751B84EA3}.Release|iPhone.ActiveCfg = Release|iPhone
		{FF13F7E9-2B91-4682-A0A0-82D751B84EA3}.Release|iPhone.Build.0 = Release|iPhone
		{FF13F7E9-2B91-4682-A0A0-82D751B84EA3}.Release|iPhone.Deploy.0 = Release|iPhone
		{FF13F7E9-2B91-4682-A0A0-82D751B84EA3}.Release|iPhoneSimulator.ActiveCfg = Release|iPhoneSimulator
		{FF13F7E9-2B91-4682-A0A0-82D751B84EA3}.Release|iPhoneSimulator.Build.0 = Release|iPhoneSimulator
		{FF13F7E9-2B91-4682-A0A0-82D751B84EA3}.Release|iPhoneSimulator.Deploy.0 = Release|iPhoneSimulator
		{0E4791A3-08FB-4DDD-9B31-CD325A351BF0}.Debug|Any CPU.ActiveCfg = Debug|Any CPU
		{0E4791A3-08FB-4DDD-9B31-CD325A351BF0}.Debug|Any CPU.Build.0 = Debug|Any CPU
		{0E4791A3-08FB-4DDD-9B31-CD325A351BF0}.Debug|Any CPU.Deploy.0 = Debug|Any CPU
		{0E4791A3-08FB-4DDD-9B31-CD325A351BF0}.Debug|iPhone.ActiveCfg = Debug|Any CPU
		{0E4791A3-08FB-4DDD-9B31-CD325A351BF0}.Debug|iPhone.Build.0 = Debug|Any CPU
		{0E4791A3-08FB-4DDD-9B31-CD325A351BF0}.Debug|iPhone.Deploy.0 = Debug|Any CPU
		{0E4791A3-08FB-4DDD-9B31-CD325A351BF0}.Debug|iPhoneSimulator.ActiveCfg = Debug|Any CPU
		{0E4791A3-08FB-4DDD-9B31-CD325A351BF0}.Debug|iPhoneSimulator.Build.0 = Debug|Any CPU
		{0E4791A3-08FB-4DDD-9B31-CD325A351BF0}.Debug|iPhoneSimulator.Deploy.0 = Debug|Any CPU
		{0E4791A3-08FB-4DDD-9B31-CD325A351BF0}.Release|Any CPU.ActiveCfg = Release|Any CPU
		{0E4791A3-08FB-4DDD-9B31-CD325A351BF0}.Release|Any CPU.Build.0 = Release|Any CPU
		{0E4791A3-08FB-4DDD-9B31-CD325A351BF0}.Release|Any CPU.Deploy.0 = Release|Any CPU
		{0E4791A3-08FB-4DDD-9B31-CD325A351BF0}.Release|iPhone.ActiveCfg = Release|Any CPU
		{0E4791A3-08FB-4DDD-9B31-CD325A351BF0}.Release|iPhone.Build.0 = Release|Any CPU
		{0E4791A3-08FB-4DDD-9B31-CD325A351BF0}.Release|iPhone.Deploy.0 = Release|Any CPU
		{0E4791A3-08FB-4DDD-9B31-CD325A351BF0}.Release|iPhoneSimulator.ActiveCfg = Release|Any CPU
		{0E4791A3-08FB-4DDD-9B31-CD325A351BF0}.Release|iPhoneSimulator.Build.0 = Release|Any CPU
		{0E4791A3-08FB-4DDD-9B31-CD325A351BF0}.Release|iPhoneSimulator.Deploy.0 = Release|Any CPU
	EndGlobalSection
	GlobalSection(SolutionProperties) = preSolution
		HideSolutionNode = FALSE
	EndGlobalSection
	GlobalSection(ExtensibilityGlobals) = postSolution
		SolutionGuid = {316649E4-AD7D-4DA7-B4BB-068D583B8194}
	EndGlobalSection
EndGlobal
